
Microsoft Visual Studio Solution File, Format Version 12.00
# Visual Studio Version 17
VisualStudioVersion = 17.13.35825.156 d17.13
MinimumVisualStudioVersion = 10.0.40219.1
Project("{FAE04EC0-301F-11D3-BF4B-00C04F79EFBC}") = "DAL", "DAL\DAL.csproj", "{5FD4C080-355E-481D-A43A-B3A37064F09D}"
EndProject
Project("{FAE04EC0-301F-11D3-BF4B-00C04F79EFBC}") = "BLL", "BLL\BLL.csproj", "{A05086BF-5596-41B2-8622-A52B04869D69}"
EndProject
Project("{FAE04EC0-301F-11D3-BF4B-00C04F79EFBC}") = "UI", "UI\UI.csproj", "{114F0976-A978-4698-89F0-E9C590385A18}"
EndProject
Global
	GlobalSection(SolutionConfigurationPlatforms) = preSolution
		Debug|Any CPU = Debug|Any CPU
		Release|Any CPU = Release|Any CPU
	EndGlobalSection
	GlobalSection(ProjectConfigurationPlatforms) = postSolution
		{5FD4C080-355E-481D-A43A-B3A37064F09D}.Debug|Any CPU.ActiveCfg = Debug|Any CPU
		{5FD4C080-355E-481D-A43A-B3A37064F09D}.Debug|Any CPU.Build.0 = Debug|Any CPU
		{5FD4C080-355E-481D-A43A-B3A37064F09D}.Release|Any CPU.ActiveCfg = Release|Any CPU
		{5FD4C080-355E-481D-A43A-B3A37064F09D}.Release|Any CPU.Build.0 = Release|Any CPU
		{A05086BF-5596-41B2-8622-A52B04869D69}.Debug|Any CPU.ActiveCfg = Debug|Any CPU
		{A05086BF-5596-41B2-8622-A52B04869D69}.Debug|Any CPU.Build.0 = Debug|Any CPU
		{A05086BF-5596-41B2-8622-A52B04869D69}.Release|Any CPU.ActiveCfg = Release|Any CPU
		{A05086BF-5596-41B2-8622-A52B04869D69}.Release|Any CPU.Build.0 = Release|Any CPU
		{114F0976-A978-4698-89F0-E9C590385A18}.Debug|Any CPU.ActiveCfg = Debug|Any CPU
		{114F0976-A978-4698-89F0-E9C590385A18}.Debug|Any CPU.Build.0 = Debug|Any CPU
		{114F0976-A978-4698-89F0-E9C590385A18}.Release|Any CPU.ActiveCfg = Release|Any CPU
		{114F0976-A978-4698-89F0-E9C590385A18}.Release|Any CPU.Build.0 = Release|Any CPU
	EndGlobalSection
	GlobalSection(SolutionProperties) = preSolution
		HideSolutionNode = FALSE
	EndGlobalSection
	GlobalSection(ExtensibilityGlobals) = postSolution
		SolutionGuid = {98EC54D8-E1E4-43A2-82A3-880EE11FE1A5}
	EndGlobalSection
EndGlobal
